
Microsoft Visual Studio Solution File, Format Version 12.00
# Visual Studio 2013
VisualStudioVersion = 12.0.30501.0
MinimumVisualStudioVersion = 10.0.40219.1
Project("{FAE04EC0-301F-11D3-BF4B-00C04F79EFBC}") = "MobileAppProject", "..\MobileAppProject\MobileAppProject.csproj", "{76A57833-860C-4A05-9F31-E8E989DE9B9C}"
EndProject
Global
	GlobalSection(SolutionConfigurationPlatforms) = preSolution
		Debug|Any CPU = Debug|Any CPU
		Release|Any CPU = Release|Any CPU
	EndGlobalSection
	GlobalSection(ProjectConfigurationPlatforms) = postSolution
		{76A57833-860C-4A05-9F31-E8E989DE9B9C}.Debug|Any CPU.ActiveCfg = Debug|Any CPU
		{76A57833-860C-4A05-9F31-E8E989DE9B9C}.Debug|Any CPU.Build.0 = Debug|Any CPU
		{76A57833-860C-4A05-9F31-E8E989DE9B9C}.Release|Any CPU.ActiveCfg = Release|Any CPU
		{76A57833-860C-4A05-9F31-E8E989DE9B9C}.Release|Any CPU.Build.0 = Release|Any CPU
	EndGlobalSection
	GlobalSection(SolutionProperties) = preSolution
		HideSolutionNode = FALSE
	EndGlobalSection
EndGlobal
