
Microsoft Visual Studio Solution File, Format Version 12.00
# Visual Studio 2013
VisualStudioVersion = 12.0.30501.0
MinimumVisualStudioVersion = 10.0.40219.1
Project("{FAE04EC0-301F-11D3-BF4B-00C04F79EFBC}") = "FoodService", "FoodService\FoodService.csproj", "{89305E8C-810D-4A0D-8485-CBE929236750}"
EndProject
Project("{FAE04EC0-301F-11D3-BF4B-00C04F79EFBC}") = "WcfService1", "WcfService1\WcfService1.csproj", "{834B2A41-94BD-4451-8E17-C260A5E03B5B}"
EndProject
Global
	GlobalSection(SolutionConfigurationPlatforms) = preSolution
		Debug|Any CPU = Debug|Any CPU
		Release|Any CPU = Release|Any CPU
	EndGlobalSection
	GlobalSection(ProjectConfigurationPlatforms) = postSolution
		{89305E8C-810D-4A0D-8485-CBE929236750}.Debug|Any CPU.ActiveCfg = Debug|Any CPU
		{89305E8C-810D-4A0D-8485-CBE929236750}.Debug|Any CPU.Build.0 = Debug|Any CPU
		{89305E8C-810D-4A0D-8485-CBE929236750}.Release|Any CPU.ActiveCfg = Release|Any CPU
		{89305E8C-810D-4A0D-8485-CBE929236750}.Release|Any CPU.Build.0 = Release|Any CPU
		{834B2A41-94BD-4451-8E17-C260A5E03B5B}.Debug|Any CPU.ActiveCfg = Debug|Any CPU
		{834B2A41-94BD-4451-8E17-C260A5E03B5B}.Debug|Any CPU.Build.0 = Debug|Any CPU
		{834B2A41-94BD-4451-8E17-C260A5E03B5B}.Release|Any CPU.ActiveCfg = Release|Any CPU
		{834B2A41-94BD-4451-8E17-C260A5E03B5B}.Release|Any CPU.Build.0 = Release|Any CPU
	EndGlobalSection
	GlobalSection(SolutionProperties) = preSolution
		HideSolutionNode = FALSE
	EndGlobalSection
EndGlobal
