
Microsoft Visual Studio Solution File, Format Version 12.00
# Visual Studio 2013
VisualStudioVersion = 12.0.30501.0
MinimumVisualStudioVersion = 10.0.40219.1
Project("{FAE04EC0-301F-11D3-BF4B-00C04F79EFBC}") = "HelloWorldService", "HelloWorldService\HelloWorldService.csproj", "{4993DE74-1FB8-43E5-AFE5-A968A276908E}"
EndProject
Project("{FAE04EC0-301F-11D3-BF4B-00C04F79EFBC}") = "HelloClient", "HelloClient\HelloClient.csproj", "{003501A1-4475-47B9-B8C8-11DD0C82A034}"
	ProjectSection(ProjectDependencies) = postProject
		{4993DE74-1FB8-43E5-AFE5-A968A276908E} = {4993DE74-1FB8-43E5-AFE5-A968A276908E}
	EndProjectSection
EndProject
Global
	GlobalSection(SolutionConfigurationPlatforms) = preSolution
		Debug|Any CPU = Debug|Any CPU
		Release|Any CPU = Release|Any CPU
	EndGlobalSection
	GlobalSection(ProjectConfigurationPlatforms) = postSolution
		{4993DE74-1FB8-43E5-AFE5-A968A276908E}.Debug|Any CPU.ActiveCfg = Debug|Any CPU
		{4993DE74-1FB8-43E5-AFE5-A968A276908E}.Debug|Any CPU.Build.0 = Debug|Any CPU
		{4993DE74-1FB8-43E5-AFE5-A968A276908E}.Release|Any CPU.ActiveCfg = Release|Any CPU
		{4993DE74-1FB8-43E5-AFE5-A968A276908E}.Release|Any CPU.Build.0 = Release|Any CPU
		{003501A1-4475-47B9-B8C8-11DD0C82A034}.Debug|Any CPU.ActiveCfg = Debug|Any CPU
		{003501A1-4475-47B9-B8C8-11DD0C82A034}.Debug|Any CPU.Build.0 = Debug|Any CPU
		{003501A1-4475-47B9-B8C8-11DD0C82A034}.Release|Any CPU.ActiveCfg = Release|Any CPU
		{003501A1-4475-47B9-B8C8-11DD0C82A034}.Release|Any CPU.Build.0 = Release|Any CPU
	EndGlobalSection
	GlobalSection(SolutionProperties) = preSolution
		HideSolutionNode = FALSE
	EndGlobalSection
EndGlobal
